
Microsoft Visual Studio Solution File, Format Version 12.00
# Visual Studio Version 16
VisualStudioVersion = 16.0.28803.202
MinimumVisualStudioVersion = 10.0.40219.1
Project("{FAE04EC0-301F-11D3-BF4B-00C04F79EFBC}") = "ALE-GridManager", "ALE-GridManager.csproj", "{6069C280-0D4A-4C08-841B-58F5491EA930}"
EndProject
Project("{D954291E-2A0B-460D-934E-DC6B0785DB48}") = "ALE-Core", "ALE-Core\ALE-Core.shproj", "{6692DDE3-BD7D-4239-9230-FDD834526DB2}"
EndProject
Global
	GlobalSection(SharedMSBuildProjectFiles) = preSolution
		ALE-Core\ALE-Core.projitems*{6069c280-0d4a-4c08-841b-58f5491ea930}*SharedItemsImports = 4
		ALE-Core\ALE-Core.projitems*{6692dde3-bd7d-4239-9230-fdd834526db2}*SharedItemsImports = 13
	EndGlobalSection
	GlobalSection(SolutionConfigurationPlatforms) = preSolution
		Release|Any CPU = Release|Any CPU
	EndGlobalSection
	GlobalSection(ProjectConfigurationPlatforms) = postSolution
		{6069C280-0D4A-4C08-841B-58F5491EA930}.Release|Any CPU.ActiveCfg = Release|Any CPU
		{6069C280-0D4A-4C08-841B-58F5491EA930}.Release|Any CPU.Build.0 = Release|Any CPU
	EndGlobalSection
	GlobalSection(SolutionProperties) = preSolution
		HideSolutionNode = FALSE
	EndGlobalSection
	GlobalSection(ExtensibilityGlobals) = postSolution
		SolutionGuid = {6AEC357D-9E15-4521-9A61-43AA6897BBB3}
	EndGlobalSection
EndGlobal
