
Microsoft Visual Studio Solution File, Format Version 12.00
# Visual Studio Version 16
VisualStudioVersion = 16.0.28803.202
MinimumVisualStudioVersion = 10.0.40219.1
Project("{FAE04EC0-301F-11D3-BF4B-00C04F79EFBC}") = "ALE-GridManager", "ALE-GridManager.csproj", "{6069C280-0D4A-4C08-841B-58F5491EA930}"
EndProject
Project("{FAE04EC0-301F-11D3-BF4B-00C04F79EFBC}") = "ALE-Core", "ALE-Core\ALE-Core.csproj", "{FFA23B37-F464-45DA-AB5A-A907483B39F6}"
EndProject
Global
	GlobalSection(SolutionConfigurationPlatforms) = preSolution
		Debug|Any CPU = Debug|Any CPU
		Release|Any CPU = Release|Any CPU
	EndGlobalSection
	GlobalSection(ProjectConfigurationPlatforms) = postSolution
		{6069C280-0D4A-4C08-841B-58F5491EA930}.Debug|Any CPU.ActiveCfg = Debug|Any CPU
		{6069C280-0D4A-4C08-841B-58F5491EA930}.Debug|Any CPU.Build.0 = Debug|Any CPU
		{6069C280-0D4A-4C08-841B-58F5491EA930}.Release|Any CPU.ActiveCfg = Release|Any CPU
		{6069C280-0D4A-4C08-841B-58F5491EA930}.Release|Any CPU.Build.0 = Release|Any CPU
		{FFA23B37-F464-45DA-AB5A-A907483B39F6}.Debug|Any CPU.ActiveCfg = Debug|Any CPU
		{FFA23B37-F464-45DA-AB5A-A907483B39F6}.Debug|Any CPU.Build.0 = Debug|Any CPU
		{FFA23B37-F464-45DA-AB5A-A907483B39F6}.Release|Any CPU.ActiveCfg = Release|Any CPU
		{FFA23B37-F464-45DA-AB5A-A907483B39F6}.Release|Any CPU.Build.0 = Release|Any CPU
	EndGlobalSection
	GlobalSection(SolutionProperties) = preSolution
		HideSolutionNode = FALSE
	EndGlobalSection
	GlobalSection(ExtensibilityGlobals) = postSolution
		SolutionGuid = {6AEC357D-9E15-4521-9A61-43AA6897BBB3}
	EndGlobalSection
EndGlobal
